
Microsoft Visual Studio Solution File, Format Version 12.00
# Visual Studio 14
VisualStudioVersion = 14.0.25420.1
MinimumVisualStudioVersion = 10.0.40219.1
Project("{FAE04EC0-301F-11D3-BF4B-00C04F79EFBC}") = "ToDo", "ToDo\ToDo.csproj", "{066C2C11-BC60-4104-A2A5-64560B8C8B3F}"
EndProject
Project("{FAE04EC0-301F-11D3-BF4B-00C04F79EFBC}") = "Engine", "Engine\Engine.csproj", "{6468C274-4F9B-4E28-82B1-6A6C460C6873}"
EndProject
Global
	GlobalSection(SolutionConfigurationPlatforms) = preSolution
		Debug|Any CPU = Debug|Any CPU
		Release|Any CPU = Release|Any CPU
	EndGlobalSection
	GlobalSection(ProjectConfigurationPlatforms) = postSolution
		{066C2C11-BC60-4104-A2A5-64560B8C8B3F}.Debug|Any CPU.ActiveCfg = Debug|Any CPU
		{066C2C11-BC60-4104-A2A5-64560B8C8B3F}.Debug|Any CPU.Build.0 = Debug|Any CPU
		{066C2C11-BC60-4104-A2A5-64560B8C8B3F}.Release|Any CPU.ActiveCfg = Release|Any CPU
		{066C2C11-BC60-4104-A2A5-64560B8C8B3F}.Release|Any CPU.Build.0 = Release|Any CPU
		{6468C274-4F9B-4E28-82B1-6A6C460C6873}.Debug|Any CPU.ActiveCfg = Debug|Any CPU
		{6468C274-4F9B-4E28-82B1-6A6C460C6873}.Debug|Any CPU.Build.0 = Debug|Any CPU
		{6468C274-4F9B-4E28-82B1-6A6C460C6873}.Release|Any CPU.ActiveCfg = Release|Any CPU
		{6468C274-4F9B-4E28-82B1-6A6C460C6873}.Release|Any CPU.Build.0 = Release|Any CPU
	EndGlobalSection
	GlobalSection(SolutionProperties) = preSolution
		HideSolutionNode = FALSE
	EndGlobalSection
EndGlobal
